
Microsoft Visual Studio Solution File, Format Version 12.00
# Visual Studio Version 16
VisualStudioVersion = 16.0.32901.82
MinimumVisualStudioVersion = 10.0.40219.1
Project("{FAE04EC0-301F-11D3-BF4B-00C04F79EFBC}") = "CoreBot1", "CoreBot1\CoreBot1.csproj", "{4F47294B-C201-46F0-A906-19B86BBAAC0A}"
EndProject
Global
	GlobalSection(SolutionConfigurationPlatforms) = preSolution
		Debug|Any CPU = Debug|Any CPU
		Release|Any CPU = Release|Any CPU
	EndGlobalSection
	GlobalSection(ProjectConfigurationPlatforms) = postSolution
		{4F47294B-C201-46F0-A906-19B86BBAAC0A}.Debug|Any CPU.ActiveCfg = Debug|Any CPU
		{4F47294B-C201-46F0-A906-19B86BBAAC0A}.Debug|Any CPU.Build.0 = Debug|Any CPU
		{4F47294B-C201-46F0-A906-19B86BBAAC0A}.Release|Any CPU.ActiveCfg = Release|Any CPU
		{4F47294B-C201-46F0-A906-19B86BBAAC0A}.Release|Any CPU.Build.0 = Release|Any CPU
	EndGlobalSection
	GlobalSection(SolutionProperties) = preSolution
		HideSolutionNode = FALSE
	EndGlobalSection
	GlobalSection(ExtensibilityGlobals) = postSolution
		SolutionGuid = {DF26E89E-533D-4D96-81C1-1499850DD11B}
	EndGlobalSection
EndGlobal
